
Microsoft Visual Studio Solution File, Format Version 12.00
# Visual Studio Version 16
VisualStudioVersion = 16.0.30128.74
MinimumVisualStudioVersion = 10.0.40219.1
Project("{FAE04EC0-301F-11D3-BF4B-00C04F79EFBC}") = "Versa", "Versa.csproj", "{788BC472-59F7-46F6-B760-65C18BA74389}"
EndProject
Project("{2150E333-8FDC-42A3-9474-1A3956D46DE8}") = "Solution Items", "Solution Items", "{0922B147-A757-453E-960B-02679120F05A}"
	ProjectSection(SolutionItems) = preProject
		.editorconfig = .editorconfig
	EndProjectSection
EndProject
Project("{2150E333-8FDC-42A3-9474-1A3956D46DE8}") = "Libraries", "Libraries", "{416CBE69-6EF4-4DAF-A5B3-5977128F2F28}"
EndProject
Project("{FAE04EC0-301F-11D3-BF4B-00C04F79EFBC}") = "LiteDatabase", "LiteDatabase\LiteDatabase.csproj", "{632744AD-FD41-411A-A154-816452A2BFBC}"
EndProject
Project("{FAE04EC0-301F-11D3-BF4B-00C04F79EFBC}") = "Installer", "Installer\Installer.csproj", "{4AF6D697-4E9A-4D8B-9EF9-F50646927237}"
EndProject
Project("{FAE04EC0-301F-11D3-BF4B-00C04F79EFBC}") = "WebsocketSharp", "WebsocketSharp\WebsocketSharp.csproj", "{71F08AE6-6DB8-4487-AE78-5B6A01FB92B4}"
EndProject
Project("{FAE04EC0-301F-11D3-BF4B-00C04F79EFBC}") = "Server", "Server\Server.csproj", "{2A03318F-10F6-4EAF-9138-ACECB8F09045}"
EndProject
Project("{FAE04EC0-301F-11D3-BF4B-00C04F79EFBC}") = "Loader", "Loader\Loader.csproj", "{9929D513-9478-447F-A830-49EA18BF8E5D}"
EndProject
Global
	GlobalSection(SolutionConfigurationPlatforms) = preSolution
		Release|Any CPU = Release|Any CPU
	EndGlobalSection
	GlobalSection(ProjectConfigurationPlatforms) = postSolution
		{788BC472-59F7-46F6-B760-65C18BA74389}.Release|Any CPU.ActiveCfg = Release|Any CPU
		{788BC472-59F7-46F6-B760-65C18BA74389}.Release|Any CPU.Build.0 = Release|Any CPU
		{632744AD-FD41-411A-A154-816452A2BFBC}.Release|Any CPU.ActiveCfg = Release|Any CPU
		{632744AD-FD41-411A-A154-816452A2BFBC}.Release|Any CPU.Build.0 = Release|Any CPU
		{4AF6D697-4E9A-4D8B-9EF9-F50646927237}.Release|Any CPU.ActiveCfg = Release|Any CPU
		{4AF6D697-4E9A-4D8B-9EF9-F50646927237}.Release|Any CPU.Build.0 = Release|Any CPU
		{71F08AE6-6DB8-4487-AE78-5B6A01FB92B4}.Release|Any CPU.ActiveCfg = Release|Any CPU
		{71F08AE6-6DB8-4487-AE78-5B6A01FB92B4}.Release|Any CPU.Build.0 = Release|Any CPU
		{2A03318F-10F6-4EAF-9138-ACECB8F09045}.Release|Any CPU.ActiveCfg = Release|Any CPU
		{2A03318F-10F6-4EAF-9138-ACECB8F09045}.Release|Any CPU.Build.0 = Release|Any CPU
		{9929D513-9478-447F-A830-49EA18BF8E5D}.Release|Any CPU.ActiveCfg = Release|Any CPU
		{9929D513-9478-447F-A830-49EA18BF8E5D}.Release|Any CPU.Build.0 = Release|Any CPU
	EndGlobalSection
	GlobalSection(SolutionProperties) = preSolution
		HideSolutionNode = FALSE
	EndGlobalSection
	GlobalSection(ExtensibilityGlobals) = postSolution
		SolutionGuid = {DDF15A6C-2A44-4EBE-BD85-F3EE61DCD8BF}
	EndGlobalSection
	GlobalSection(NestedProjects) = preSolution
		{632744AD-FD41-411A-A154-816452A2BFBC} = {416CBE69-6EF4-4DAF-A5B3-5977128F2F28}
		{71F08AE6-6DB8-4487-AE78-5B6A01FB92B4} = {416CBE69-6EF4-4DAF-A5B3-5977128F2F28}
	EndGlobalSection
EndGlobal
